
Microsoft Visual Studio Solution File, Format Version 12.00
# Visual Studio Version 17
VisualStudioVersion = 17.1.32414.318
MinimumVisualStudioVersion = 10.0.40219.1
Project("{9A19103F-16F7-4668-BE54-9A1E7A4F7556}") = "TestProject1", "TestProject1\TestProject1.csproj", "{D6B90B7D-CD42-4164-BA35-771984BCE3E8}"
EndProject
Project("{2150E333-8FDC-42A3-9474-1A3956D46DE8}") = "FizzBuzzGame", "FizzBuzzGame", "{220BDB90-9EC6-4E9D-8826-74CE23716D35}"
EndProject
Project("{9A19103F-16F7-4668-BE54-9A1E7A4F7556}") = "CalcNumbers", "CalcNumbers\CalcNumbers.csproj", "{1F680F82-A23F-4A2E-87C9-A2DFA58927EF}"
EndProject
Project("{9A19103F-16F7-4668-BE54-9A1E7A4F7556}") = "Calc2Numbers.Test", "Calc2Numbers.Test\Calc2Numbers.Test.csproj", "{726CA1EC-1845-47FF-A1AE-DC37B43F2D41}"
EndProject
Project("{2150E333-8FDC-42A3-9474-1A3956D46DE8}") = "CalcNumbers.Test", "CalcNumbers.Test", "{571F8C30-2E54-4371-8077-5FFDB24A4AA0}"
EndProject
Project("{9A19103F-16F7-4668-BE54-9A1E7A4F7556}") = "LambdaTest", "LambdaTest\LambdaTest.csproj", "{C3D1AF07-A9B0-4016-B648-A41D183FA5C9}"
EndProject
Project("{2150E333-8FDC-42A3-9474-1A3956D46DE8}") = "Lambda", "Lambda", "{5129A294-40B5-4397-878B-C25C73670DC5}"
EndProject
Project("{2150E333-8FDC-42A3-9474-1A3956D46DE8}") = "Xmltests", "Xmltests", "{0EDB7111-0450-43FB-9C5F-E61D90920AFB}"
EndProject
Project("{9A19103F-16F7-4668-BE54-9A1E7A4F7556}") = "TestProject5", "TestProject5\TestProject5.csproj", "{8B11550C-A7C0-487B-86AE-F45BD499EA97}"
EndProject
Project("{2150E333-8FDC-42A3-9474-1A3956D46DE8}") = "Selenium", "Selenium", "{51CDA393-8EB5-4340-B6E2-F0235012A39E}"
EndProject
Project("{FAE04EC0-301F-11D3-BF4B-00C04F79EFBC}") = "Selenium", "Selenium\Selenium.csproj", "{2AAFE29A-5134-4AF6-9F40-3C7AC5905971}"
EndProject
Project("{FAE04EC0-301F-11D3-BF4B-00C04F79EFBC}") = "TestProject6", "TestProject6\TestProject6.csproj", "{EBF2A8FD-BE58-4DB0-96FF-DBE188FFB86E}"
EndProject
Project("{2150E333-8FDC-42A3-9474-1A3956D46DE8}") = "Selenium2", "Selenium2", "{4DCC967C-75D6-481C-A894-236F3D3DD7E8}"
EndProject
Project("{FAE04EC0-301F-11D3-BF4B-00C04F79EFBC}") = "SeleniumDemo", "SeleniumDemo\SeleniumDemo.csproj", "{03FABD38-6C3D-41F6-A1F0-C67928521724}"
EndProject
Global
	GlobalSection(SolutionConfigurationPlatforms) = preSolution
		Debug|Any CPU = Debug|Any CPU
		Release|Any CPU = Release|Any CPU
	EndGlobalSection
	GlobalSection(ProjectConfigurationPlatforms) = postSolution
		{D6B90B7D-CD42-4164-BA35-771984BCE3E8}.Debug|Any CPU.ActiveCfg = Debug|Any CPU
		{D6B90B7D-CD42-4164-BA35-771984BCE3E8}.Debug|Any CPU.Build.0 = Debug|Any CPU
		{D6B90B7D-CD42-4164-BA35-771984BCE3E8}.Release|Any CPU.ActiveCfg = Release|Any CPU
		{D6B90B7D-CD42-4164-BA35-771984BCE3E8}.Release|Any CPU.Build.0 = Release|Any CPU
		{1F680F82-A23F-4A2E-87C9-A2DFA58927EF}.Debug|Any CPU.ActiveCfg = Debug|Any CPU
		{1F680F82-A23F-4A2E-87C9-A2DFA58927EF}.Debug|Any CPU.Build.0 = Debug|Any CPU
		{1F680F82-A23F-4A2E-87C9-A2DFA58927EF}.Release|Any CPU.ActiveCfg = Release|Any CPU
		{1F680F82-A23F-4A2E-87C9-A2DFA58927EF}.Release|Any CPU.Build.0 = Release|Any CPU
		{726CA1EC-1845-47FF-A1AE-DC37B43F2D41}.Debug|Any CPU.ActiveCfg = Debug|Any CPU
		{726CA1EC-1845-47FF-A1AE-DC37B43F2D41}.Debug|Any CPU.Build.0 = Debug|Any CPU
		{726CA1EC-1845-47FF-A1AE-DC37B43F2D41}.Release|Any CPU.ActiveCfg = Release|Any CPU
		{726CA1EC-1845-47FF-A1AE-DC37B43F2D41}.Release|Any CPU.Build.0 = Release|Any CPU
		{C3D1AF07-A9B0-4016-B648-A41D183FA5C9}.Debug|Any CPU.ActiveCfg = Debug|Any CPU
		{C3D1AF07-A9B0-4016-B648-A41D183FA5C9}.Debug|Any CPU.Build.0 = Debug|Any CPU
		{C3D1AF07-A9B0-4016-B648-A41D183FA5C9}.Release|Any CPU.ActiveCfg = Release|Any CPU
		{C3D1AF07-A9B0-4016-B648-A41D183FA5C9}.Release|Any CPU.Build.0 = Release|Any CPU
		{8B11550C-A7C0-487B-86AE-F45BD499EA97}.Debug|Any CPU.ActiveCfg = Debug|Any CPU
		{8B11550C-A7C0-487B-86AE-F45BD499EA97}.Debug|Any CPU.Build.0 = Debug|Any CPU
		{8B11550C-A7C0-487B-86AE-F45BD499EA97}.Release|Any CPU.ActiveCfg = Release|Any CPU
		{8B11550C-A7C0-487B-86AE-F45BD499EA97}.Release|Any CPU.Build.0 = Release|Any CPU
		{2AAFE29A-5134-4AF6-9F40-3C7AC5905971}.Debug|Any CPU.ActiveCfg = Debug|Any CPU
		{2AAFE29A-5134-4AF6-9F40-3C7AC5905971}.Debug|Any CPU.Build.0 = Debug|Any CPU
		{2AAFE29A-5134-4AF6-9F40-3C7AC5905971}.Release|Any CPU.ActiveCfg = Release|Any CPU
		{2AAFE29A-5134-4AF6-9F40-3C7AC5905971}.Release|Any CPU.Build.0 = Release|Any CPU
		{EBF2A8FD-BE58-4DB0-96FF-DBE188FFB86E}.Debug|Any CPU.ActiveCfg = Debug|Any CPU
		{EBF2A8FD-BE58-4DB0-96FF-DBE188FFB86E}.Debug|Any CPU.Build.0 = Debug|Any CPU
		{EBF2A8FD-BE58-4DB0-96FF-DBE188FFB86E}.Release|Any CPU.ActiveCfg = Release|Any CPU
		{EBF2A8FD-BE58-4DB0-96FF-DBE188FFB86E}.Release|Any CPU.Build.0 = Release|Any CPU
		{03FABD38-6C3D-41F6-A1F0-C67928521724}.Debug|Any CPU.ActiveCfg = Debug|Any CPU
		{03FABD38-6C3D-41F6-A1F0-C67928521724}.Debug|Any CPU.Build.0 = Debug|Any CPU
		{03FABD38-6C3D-41F6-A1F0-C67928521724}.Release|Any CPU.ActiveCfg = Release|Any CPU
		{03FABD38-6C3D-41F6-A1F0-C67928521724}.Release|Any CPU.Build.0 = Release|Any CPU
	EndGlobalSection
	GlobalSection(SolutionProperties) = preSolution
		HideSolutionNode = FALSE
	EndGlobalSection
	GlobalSection(NestedProjects) = preSolution
		{D6B90B7D-CD42-4164-BA35-771984BCE3E8} = {220BDB90-9EC6-4E9D-8826-74CE23716D35}
		{1F680F82-A23F-4A2E-87C9-A2DFA58927EF} = {571F8C30-2E54-4371-8077-5FFDB24A4AA0}
		{726CA1EC-1845-47FF-A1AE-DC37B43F2D41} = {571F8C30-2E54-4371-8077-5FFDB24A4AA0}
		{C3D1AF07-A9B0-4016-B648-A41D183FA5C9} = {5129A294-40B5-4397-878B-C25C73670DC5}
		{8B11550C-A7C0-487B-86AE-F45BD499EA97} = {0EDB7111-0450-43FB-9C5F-E61D90920AFB}
		{2AAFE29A-5134-4AF6-9F40-3C7AC5905971} = {51CDA393-8EB5-4340-B6E2-F0235012A39E}
		{EBF2A8FD-BE58-4DB0-96FF-DBE188FFB86E} = {51CDA393-8EB5-4340-B6E2-F0235012A39E}
		{03FABD38-6C3D-41F6-A1F0-C67928521724} = {4DCC967C-75D6-481C-A894-236F3D3DD7E8}
	EndGlobalSection
	GlobalSection(ExtensibilityGlobals) = postSolution
		SolutionGuid = {3D6F1FB3-6F94-4938-BA8C-3C80A2051C14}
	EndGlobalSection
EndGlobal
